
Microsoft Visual Studio Solution File, Format Version 11.00
# Visual Studio 2010
Project("{FAE04EC0-301F-11D3-BF4B-00C04F79EFBC}") = "DemoForDeepthi", "DemoForDeepthi\DemoForDeepthi.csproj", "{61B04279-A5BF-4218-BAA6-19E4C395FBF0}"
EndProject
Global
	GlobalSection(SolutionConfigurationPlatforms) = preSolution
		Debug|Any CPU = Debug|Any CPU
		Release|Any CPU = Release|Any CPU
	EndGlobalSection
	GlobalSection(ProjectConfigurationPlatforms) = postSolution
		{61B04279-A5BF-4218-BAA6-19E4C395FBF0}.Debug|Any CPU.ActiveCfg = Debug|Any CPU
		{61B04279-A5BF-4218-BAA6-19E4C395FBF0}.Debug|Any CPU.Build.0 = Debug|Any CPU
		{61B04279-A5BF-4218-BAA6-19E4C395FBF0}.Release|Any CPU.ActiveCfg = Release|Any CPU
		{61B04279-A5BF-4218-BAA6-19E4C395FBF0}.Release|Any CPU.Build.0 = Release|Any CPU
	EndGlobalSection
	GlobalSection(SolutionProperties) = preSolution
		HideSolutionNode = FALSE
	EndGlobalSection
EndGlobal
